// !$*UTF8*$!
{
	archiveVersion = 1;
	classes = {
	};
	objectVersion = 48;
	objects = {

/* Begin PBXBuildFile section */
		497D1EDF08CD1F78C2AF4484 /* Pods_Duellange.framework in Frameworks */ = {isa = PBXBuildFile; fileRef = 1BD0E2F50CC31B21E66E1FD4 /* Pods_Duellange.framework */; };
		77D296622089FAFF000D3D55 /* GoogleService-Info.plist in Resources */ = {isa = PBXBuildFile; fileRef = 77D296612089FAF0000D3D55 /* GoogleService-Info.plist */; };
		77DC360420A85B2E0052D56E /* homeVC.swift in Sources */ = {isa = PBXBuildFile; fileRef = 77DC360320A85B2E0052D56E /* homeVC.swift */; };
		77FF6A94207E9AD50031DB51 /* AppDelegate.swift in Sources */ = {isa = PBXBuildFile; fileRef = 77FF6A93207E9AD50031DB51 /* AppDelegate.swift */; };
		77FF6A99207E9AD60031DB51 /* Main.storyboard in Resources */ = {isa = PBXBuildFile; fileRef = 77FF6A97207E9AD60031DB51 /* Main.storyboard */; };
		77FF6A9C207E9AD60031DB51 /* Duellange.xcdatamodeld in Sources */ = {isa = PBXBuildFile; fileRef = 77FF6A9A207E9AD60031DB51 /* Duellange.xcdatamodeld */; };
		77FF6A9E207E9AD60031DB51 /* Assets.xcassets in Resources */ = {isa = PBXBuildFile; fileRef = 77FF6A9D207E9AD60031DB51 /* Assets.xcassets */; };
		77FF6AA1207E9AD60031DB51 /* LaunchScreen.storyboard in Resources */ = {isa = PBXBuildFile; fileRef = 77FF6A9F207E9AD60031DB51 /* LaunchScreen.storyboard */; };
		77FF6AA9207E9EF20031DB51 /* MainScreenVC.swift in Sources */ = {isa = PBXBuildFile; fileRef = 77FF6AA8207E9EF20031DB51 /* MainScreenVC.swift */; };
		77FF6AAB207EA8620031DB51 /* signUpVC.swift in Sources */ = {isa = PBXBuildFile; fileRef = 77FF6AAA207EA8620031DB51 /* signUpVC.swift */; };
		77FF6AAD207EA8760031DB51 /* signInVC.swift in Sources */ = {isa = PBXBuildFile; fileRef = 77FF6AAC207EA8760031DB51 /* signInVC.swift */; };
/* End PBXBuildFile section */

/* Begin PBXFileReference section */
		1BD0E2F50CC31B21E66E1FD4 /* Pods_Duellange.framework */ = {isa = PBXFileReference; explicitFileType = wrapper.framework; includeInIndex = 0; path = Pods_Duellange.framework; sourceTree = BUILT_PRODUCTS_DIR; };
		222A4E9F889B833B3FA66A75 /* Pods-Duellange.debug.xcconfig */ = {isa = PBXFileReference; includeInIndex = 1; lastKnownFileType = text.xcconfig; name = "Pods-Duellange.debug.xcconfig"; path = "Pods/Target Support Files/Pods-Duellange/Pods-Duellange.debug.xcconfig"; sourceTree = "<group>"; };
		77D296612089FAF0000D3D55 /* GoogleService-Info.plist */ = {isa = PBXFileReference; fileEncoding = 4; lastKnownFileType = text.plist.xml; path = "GoogleService-Info.plist"; sourceTree = "<group>"; };
		77DC360320A85B2E0052D56E /* homeVC.swift */ = {isa = PBXFileReference; lastKnownFileType = sourcecode.swift; path = homeVC.swift; sourceTree = "<group>"; };
		77FF6A90207E9AD50031DB51 /* Duellange.app */ = {isa = PBXFileReference; explicitFileType = wrapper.application; includeInIndex = 0; path = Duellange.app; sourceTree = BUILT_PRODUCTS_DIR; };
		77FF6A93207E9AD50031DB51 /* AppDelegate.swift */ = {isa = PBXFileReference; lastKnownFileType = sourcecode.swift; path = AppDelegate.swift; sourceTree = "<group>"; };
		77FF6A98207E9AD60031DB51 /* Base */ = {isa = PBXFileReference; lastKnownFileType = file.storyboard; name = Base; path = Base.lproj/Main.storyboard; sourceTree = "<group>"; };
		77FF6A9B207E9AD60031DB51 /* Duellange.xcdatamodel */ = {isa = PBXFileReference; lastKnownFileType = wrapper.xcdatamodel; path = Duellange.xcdatamodel; sourceTree = "<group>"; };
		77FF6A9D207E9AD60031DB51 /* Assets.xcassets */ = {isa = PBXFileReference; lastKnownFileType = folder.assetcatalog; path = Assets.xcassets; sourceTree = "<group>"; };
		77FF6AA0207E9AD60031DB51 /* Base */ = {isa = PBXFileReference; lastKnownFileType = file.storyboard; name = Base; path = Base.lproj/LaunchScreen.storyboard; sourceTree = "<group>"; };
		77FF6AA2207E9AD60031DB51 /* Info.plist */ = {isa = PBXFileReference; lastKnownFileType = text.plist.xml; path = Info.plist; sourceTree = "<group>"; };
		77FF6AA8207E9EF20031DB51 /* MainScreenVC.swift */ = {isa = PBXFileReference; lastKnownFileType = sourcecode.swift; path = MainScreenVC.swift; sourceTree = "<group>"; };
		77FF6AAA207EA8620031DB51 /* signUpVC.swift */ = {isa = PBXFileReference; lastKnownFileType = sourcecode.swift; path = signUpVC.swift; sourceTree = "<group>"; };
		77FF6AAC207EA8760031DB51 /* signInVC.swift */ = {isa = PBXFileReference; lastKnownFileType = sourcecode.swift; path = signInVC.swift; sourceTree = "<group>"; };
		DAEDF8A32A1E572F5B33B06B /* Pods-Duellange.release.xcconfig */ = {isa = PBXFileReference; includeInIndex = 1; lastKnownFileType = text.xcconfig; name = "Pods-Duellange.release.xcconfig"; path = "Pods/Target Support Files/Pods-Duellange/Pods-Duellange.release.xcconfig"; sourceTree = "<group>"; };
/* End PBXFileReference section */

/* Begin PBXFrameworksBuildPhase section */
		77FF6A8D207E9AD50031DB51 /* Frameworks */ = {
			isa = PBXFrameworksBuildPhase;
			buildActionMask = 2147483647;
			files = (
				497D1EDF08CD1F78C2AF4484 /* Pods_Duellange.framework in Frameworks */,
			);
			runOnlyForDeploymentPostprocessing = 0;
		};
/* End PBXFrameworksBuildPhase section */

/* Begin PBXGroup section */
		698872BFA81AE0EC8023C80A /* Pods */ = {
			isa = PBXGroup;
			children = (
				222A4E9F889B833B3FA66A75 /* Pods-Duellange.debug.xcconfig */,
				DAEDF8A32A1E572F5B33B06B /* Pods-Duellange.release.xcconfig */,
			);
			name = Pods;
			sourceTree = "<group>";
		};
		77FF6A87207E9AD50031DB51 = {
			isa = PBXGroup;
			children = (
				77FF6A92207E9AD50031DB51 /* Duellange */,
				77FF6A91207E9AD50031DB51 /* Products */,
				698872BFA81AE0EC8023C80A /* Pods */,
				9BABB56DF747EA201D59D194 /* Frameworks */,
			);
			sourceTree = "<group>";
		};
		77FF6A91207E9AD50031DB51 /* Products */ = {
			isa = PBXGroup;
			children = (
				77FF6A90207E9AD50031DB51 /* Duellange.app */,
			);
			name = Products;
			sourceTree = "<group>";
		};
		77FF6A92207E9AD50031DB51 /* Duellange */ = {
			isa = PBXGroup;
			children = (
				77FF6AA8207E9EF20031DB51 /* MainScreenVC.swift */,
				77FF6AAA207EA8620031DB51 /* signUpVC.swift */,
				77FF6AAC207EA8760031DB51 /* signInVC.swift */,
				77DC360320A85B2E0052D56E /* homeVC.swift */,
				77FF6A93207E9AD50031DB51 /* AppDelegate.swift */,
				77FF6A97207E9AD60031DB51 /* Main.storyboard */,
				77FF6A9D207E9AD60031DB51 /* Assets.xcassets */,
				77FF6A9F207E9AD60031DB51 /* LaunchScreen.storyboard */,
				77FF6AA2207E9AD60031DB51 /* Info.plist */,
				77FF6A9A207E9AD60031DB51 /* Duellange.xcdatamodeld */,
				77D296612089FAF0000D3D55 /* GoogleService-Info.plist */,
			);
			path = Duellange;
			sourceTree = "<group>";
		};
		9BABB56DF747EA201D59D194 /* Frameworks */ = {
			isa = PBXGroup;
			children = (
				1BD0E2F50CC31B21E66E1FD4 /* Pods_Duellange.framework */,
			);
			name = Frameworks;
			sourceTree = "<group>";
		};
/* End PBXGroup section */

/* Begin PBXNativeTarget section */
		77FF6A8F207E9AD50031DB51 /* Duellange */ = {
			isa = PBXNativeTarget;
			buildConfigurationList = 77FF6AA5207E9AD60031DB51 /* Build configuration list for PBXNativeTarget "Duellange" */;
			buildPhases = (
				D1D5767F735E1AA5DF6650A3 /* [CP] Check Pods Manifest.lock */,
				77FF6A8C207E9AD50031DB51 /* Sources */,
				77FF6A8D207E9AD50031DB51 /* Frameworks */,
				77FF6A8E207E9AD50031DB51 /* Resources */,
				60393F6C47AB4FCAD328CFF1 /* [CP] Embed Pods Frameworks */,
			);
			buildRules = (
			);
			dependencies = (
			);
			name = Duellange;
			productName = Duellange;
			productReference = 77FF6A90207E9AD50031DB51 /* Duellange.app */;
			productType = "com.apple.product-type.application";
		};
/* End PBXNativeTarget section */

/* Begin PBXProject section */
		77FF6A88207E9AD50031DB51 /* Project object */ = {
			isa = PBXProject;
			attributes = {
				LastSwiftUpdateCheck = 0920;
				LastUpgradeCheck = 0920;
				ORGANIZATIONNAME = Duellange;
				TargetAttributes = {
					77FF6A8F207E9AD50031DB51 = {
						CreatedOnToolsVersion = 9.2;
						ProvisioningStyle = Automatic;
					};
				};
			};
			buildConfigurationList = 77FF6A8B207E9AD50031DB51 /* Build configuration list for PBXProject "Duellange" */;
			compatibilityVersion = "Xcode 8.0";
			developmentRegion = en;
			hasScannedForEncodings = 0;
			knownRegions = (
				en,
				Base,
			);
			mainGroup = 77FF6A87207E9AD50031DB51;
			productRefGroup = 77FF6A91207E9AD50031DB51 /* Products */;
			projectDirPath = "";
			projectRoot = "";
			targets = (
				77FF6A8F207E9AD50031DB51 /* Duellange */,
			);
		};
/* End PBXProject section */

/* Begin PBXResourcesBuildPhase section */
		77FF6A8E207E9AD50031DB51 /* Resources */ = {
			isa = PBXResourcesBuildPhase;
			buildActionMask = 2147483647;
			files = (
				77FF6AA1207E9AD60031DB51 /* LaunchScreen.storyboard in Resources */,
				77D296622089FAFF000D3D55 /* GoogleService-Info.plist in Resources */,
				77FF6A9E207E9AD60031DB51 /* Assets.xcassets in Resources */,
				77FF6A99207E9AD60031DB51 /* Main.storyboard in Resources */,
			);
			runOnlyForDeploymentPostprocessing = 0;
		};
/* End PBXResourcesBuildPhase section */

/* Begin PBXShellScriptBuildPhase section */
		60393F6C47AB4FCAD328CFF1 /* [CP] Embed Pods Frameworks */ = {
			isa = PBXShellScriptBuildPhase;
			buildActionMask = 2147483647;
			files = (
			);
			inputPaths = (
				"${SRCROOT}/Pods/Target Support Files/Pods-Duellange/Pods-Duellange-frameworks.sh",
				"${BUILT_PRODUCTS_DIR}/GTMSessionFetcher/GTMSessionFetcher.framework",
				"${BUILT_PRODUCTS_DIR}/GoogleToolboxForMac/GoogleToolboxForMac.framework",
				"${BUILT_PRODUCTS_DIR}/leveldb-library/leveldb.framework",
				"${BUILT_PRODUCTS_DIR}/nanopb/nanopb.framework",
			);
			name = "[CP] Embed Pods Frameworks";
			outputPaths = (
				"${TARGET_BUILD_DIR}/${FRAMEWORKS_FOLDER_PATH}/GTMSessionFetcher.framework",
				"${TARGET_BUILD_DIR}/${FRAMEWORKS_FOLDER_PATH}/GoogleToolboxForMac.framework",
				"${TARGET_BUILD_DIR}/${FRAMEWORKS_FOLDER_PATH}/leveldb.framework",
				"${TARGET_BUILD_DIR}/${FRAMEWORKS_FOLDER_PATH}/nanopb.framework",
			);
			runOnlyForDeploymentPostprocessing = 0;
			shellPath = /bin/sh;
			shellScript = "\"${SRCROOT}/Pods/Target Support Files/Pods-Duellange/Pods-Duellange-frameworks.sh\"\n";
			showEnvVarsInLog = 0;
		};
		D1D5767F735E1AA5DF6650A3 /* [CP] Check Pods Manifest.lock */ = {
			isa = PBXShellScriptBuildPhase;
			buildActionMask = 2147483647;
			files = (
			);
			inputPaths = (
				"${PODS_PODFILE_DIR_PATH}/Podfile.lock",
				"${PODS_ROOT}/Manifest.lock",
			);
			name = "[CP] Check Pods Manifest.lock";
			outputPaths = (
				"$(DERIVED_FILE_DIR)/Pods-Duellange-checkManifestLockResult.txt",
			);
			runOnlyForDeploymentPostprocessing = 0;
			shellPath = /bin/sh;
			shellScript = "diff \"${PODS_PODFILE_DIR_PATH}/Podfile.lock\" \"${PODS_ROOT}/Manifest.lock\" > /dev/null\nif [ $? != 0 ] ; then\n    # print error to STDERR\n    echo \"error: The sandbox is not in sync with the Podfile.lock. Run 'pod install' or update your CocoaPods installation.\" >&2\n    exit 1\nfi\n# This output is used by Xcode 'outputs' to avoid re-running this script phase.\necho \"SUCCESS\" > \"${SCRIPT_OUTPUT_FILE_0}\"\n";
			showEnvVarsInLog = 0;
		};
/* End PBXShellScriptBuildPhase section */

/* Begin PBXSourcesBuildPhase section */
		77FF6A8C207E9AD50031DB51 /* Sources */ = {
			isa = PBXSourcesBuildPhase;
			buildActionMask = 2147483647;
			files = (
				77FF6AAB207EA8620031DB51 /* signUpVC.swift in Sources */,
				77DC360420A85B2E0052D56E /* homeVC.swift in Sources */,
				77FF6AA9207E9EF20031DB51 /* MainScreenVC.swift in Sources */,
				77FF6A9C207E9AD60031DB51 /* Duellange.xcdatamodeld in Sources */,
				77FF6A94207E9AD50031DB51 /* AppDelegate.swift in Sources */,
				77FF6AAD207EA8760031DB51 /* signInVC.swift in Sources */,
			);
			runOnlyForDeploymentPostprocessing = 0;
		};
/* End PBXSourcesBuildPhase section */

/* Begin PBXVariantGroup section */
		77FF6A97207E9AD60031DB51 /* Main.storyboard */ = {
			isa = PBXVariantGroup;
			children = (
				77FF6A98207E9AD60031DB51 /* Base */,
			);
			name = Main.storyboard;
			sourceTree = "<group>";
		};
		77FF6A9F207E9AD60031DB51 /* LaunchScreen.storyboard */ = {
			isa = PBXVariantGroup;
			children = (
				77FF6AA0207E9AD60031DB51 /* Base */,
			);
			name = LaunchScreen.storyboard;
			sourceTree = "<group>";
		};
/* End PBXVariantGroup section */

/* Begin XCBuildConfiguration section */
		77FF6AA3207E9AD60031DB51 /* Debug */ = {
			isa = XCBuildConfiguration;
			buildSettings = {
				ALWAYS_SEARCH_USER_PATHS = NO;
				CLANG_ANALYZER_NONNULL = YES;
				CLANG_ANALYZER_NUMBER_OBJECT_CONVERSION = YES_AGGRESSIVE;
				CLANG_CXX_LANGUAGE_STANDARD = "gnu++14";
				CLANG_CXX_LIBRARY = "libc++";
				CLANG_ENABLE_MODULES = YES;
				CLANG_ENABLE_OBJC_ARC = YES;
				CLANG_WARN_BLOCK_CAPTURE_AUTORELEASING = YES;
				CLANG_WARN_BOOL_CONVERSION = YES;
				CLANG_WARN_COMMA = YES;
				CLANG_WARN_CONSTANT_CONVERSION = YES;
				CLANG_WARN_DIRECT_OBJC_ISA_USAGE = YES_ERROR;
				CLANG_WARN_DOCUMENTATION_COMMENTS = YES;
				CLANG_WARN_EMPTY_BODY = YES;
				CLANG_WARN_ENUM_CONVERSION = YES;
				CLANG_WARN_INFINITE_RECURSION = YES;
				CLANG_WARN_INT_CONVERSION = YES;
				CLANG_WARN_NON_LITERAL_NULL_CONVERSION = YES;
				CLANG_WARN_OBJC_LITERAL_CONVERSION = YES;
				CLANG_WARN_OBJC_ROOT_CLASS = YES_ERROR;
				CLANG_WARN_RANGE_LOOP_ANALYSIS = YES;
				CLANG_WARN_STRICT_PROTOTYPES = YES;
				CLANG_WARN_SUSPICIOUS_MOVE = YES;
				CLANG_WARN_UNGUARDED_AVAILABILITY = YES_AGGRESSIVE;
				CLANG_WARN_UNREACHABLE_CODE = YES;
				CLANG_WARN__DUPLICATE_METHOD_MATCH = YES;
				CODE_SIGN_IDENTITY = "iPhone Developer";
				COPY_PHASE_STRIP = NO;
				DEBUG_INFORMATION_FORMAT = dwarf;
				ENABLE_STRICT_OBJC_MSGSEND = YES;
				ENABLE_TESTABILITY = YES;
				GCC_C_LANGUAGE_STANDARD = gnu11;
				GCC_DYNAMIC_NO_PIC = NO;
				GCC_NO_COMMON_BLOCKS = YES;
				GCC_OPTIMIZATION_LEVEL = 0;
				GCC_PREPROCESSOR_DEFINITIONS = (
					"DEBUG=1",
					"$(inherited)",
				);
				GCC_WARN_64_TO_32_BIT_CONVERSION = YES;
				GCC_WARN_ABOUT_RETURN_TYPE = YES_ERROR;
				GCC_WARN_UNDECLARED_SELECTOR = YES;
				GCC_WARN_UNINITIALIZED_AUTOS = YES_AGGRESSIVE;
				GCC_WARN_UNUSED_FUNCTION = YES;
				GCC_WARN_UNUSED_VARIABLE = YES;
				IPHONEOS_DEPLOYMENT_TARGET = 11.2;
				MTL_ENABLE_DEBUG_INFO = YES;
				ONLY_ACTIVE_ARCH = YES;
				SDKROOT = iphoneos;
				SWIFT_ACTIVE_COMPILATION_CONDITIONS = DEBUG;
				SWIFT_OPTIMIZATION_LEVEL = "-Onone";
			};
			name = Debug;
		};
		77FF6AA4207E9AD60031DB51 /* Release */ = {
			isa = XCBuildConfiguration;
			buildSettings = {
				ALWAYS_SEARCH_USER_PATHS = NO;
				CLANG_ANALYZER_NONNULL = YES;
				CLANG_ANALYZER_NUMBER_OBJECT_CONVERSION = YES_AGGRESSIVE;
				CLANG_CXX_LANGUAGE_STANDARD = "gnu++14";
				CLANG_CXX_LIBRARY = "libc++";
				CLANG_ENABLE_MODULES = YES;
				CLANG_ENABLE_OBJC_ARC = YES;
				CLANG_WARN_BLOCK_CAPTURE_AUTORELEASING = YES;
				CLANG_WARN_BOOL_CONVERSION = YES;
				CLANG_WARN_COMMA = YES;
				CLANG_WARN_CONSTANT_CONVERSION = YES;
				CLANG_WARN_DIRECT_OBJC_ISA_USAGE = YES_ERROR;
				CLANG_WARN_DOCUMENTATION_COMMENTS = YES;
				CLANG_WARN_EMPTY_BODY = YES;
				CLANG_WARN_ENUM_CONVERSION = YES;
				CLANG_WARN_INFINITE_RECURSION = YES;
				CLANG_WARN_INT_CONVERSION = YES;
				CLANG_WARN_NON_LITERAL_NULL_CONVERSION = YES;
				CLANG_WARN_OBJC_LITERAL_CONVERSION = YES;
				CLANG_WARN_OBJC_ROOT_CLASS = YES_ERROR;
				CLANG_WARN_RANGE_LOOP_ANALYSIS = YES;
				CLANG_WARN_STRICT_PROTOTYPES = YES;
				CLANG_WARN_SUSPICIOUS_MOVE = YES;
				CLANG_WARN_UNGUARDED_AVAILABILITY = YES_AGGRESSIVE;
				CLANG_WARN_UNREACHABLE_CODE = YES;
				CLANG_WARN__DUPLICATE_METHOD_MATCH = YES;
				CODE_SIGN_IDENTITY = "iPhone Developer";
				COPY_PHASE_STRIP = NO;
				DEBUG_INFORMATION_FORMAT = "dwarf-with-dsym";
				ENABLE_NS_ASSERTIONS = NO;
				ENABLE_STRICT_OBJC_MSGSEND = YES;
				GCC_C_LANGUAGE_STANDARD = gnu11;
				GCC_NO_COMMON_BLOCKS = YES;
				GCC_WARN_64_TO_32_BIT_CONVERSION = YES;
				GCC_WARN_ABOUT_RETURN_TYPE = YES_ERROR;
				GCC_WARN_UNDECLARED_SELECTOR = YES;
				GCC_WARN_UNINITIALIZED_AUTOS = YES_AGGRESSIVE;
				GCC_WARN_UNUSED_FUNCTION = YES;
				GCC_WARN_UNUSED_VARIABLE = YES;
				IPHONEOS_DEPLOYMENT_TARGET = 11.2;
				MTL_ENABLE_DEBUG_INFO = NO;
				SDKROOT = iphoneos;
				SWIFT_OPTIMIZATION_LEVEL = "-Owholemodule";
				VALIDATE_PRODUCT = YES;
			};
			name = Release;
		};
		77FF6AA6207E9AD60031DB51 /* Debug */ = {
			isa = XCBuildConfiguration;
			baseConfigurationReference = 222A4E9F889B833B3FA66A75 /* Pods-Duellange.debug.xcconfig */;
			buildSettings = {
				ASSETCATALOG_COMPILER_APPICON_NAME = AppIcon;
				CODE_SIGN_STYLE = Automatic;
				INFOPLIST_FILE = Duellange/Info.plist;
				LD_RUNPATH_SEARCH_PATHS = "$(inherited) @executable_path/Frameworks";
				PRODUCT_BUNDLE_IDENTIFIER = Duellange.Duellange;
				PRODUCT_NAME = "$(TARGET_NAME)";
				SWIFT_VERSION = 4.0;
				TARGETED_DEVICE_FAMILY = "1,2";
			};
			name = Debug;
		};
		77FF6AA7207E9AD60031DB51 /* Release */ = {
			isa = XCBuildConfiguration;
			baseConfigurationReference = DAEDF8A32A1E572F5B33B06B /* Pods-Duellange.release.xcconfig */;
			buildSettings = {
				ASSETCATALOG_COMPILER_APPICON_NAME = AppIcon;
				CODE_SIGN_STYLE = Automatic;
				INFOPLIST_FILE = Duellange/Info.plist;
				LD_RUNPATH_SEARCH_PATHS = "$(inherited) @executable_path/Frameworks";
				PRODUCT_BUNDLE_IDENTIFIER = Duellange.Duellange;
				PRODUCT_NAME = "$(TARGET_NAME)";
				SWIFT_VERSION = 4.0;
				TARGETED_DEVICE_FAMILY = "1,2";
			};
			name = Release;
		};
/* End XCBuildConfiguration section */

/* Begin XCConfigurationList section */
		77FF6A8B207E9AD50031DB51 /* Build configuration list for PBXProject "Duellange" */ = {
			isa = XCConfigurationList;
			buildConfigurations = (
				77FF6AA3207E9AD60031DB51 /* Debug */,
				77FF6AA4207E9AD60031DB51 /* Release */,
			);
			defaultConfigurationIsVisible = 0;
			defaultConfigurationName = Release;
		};
		77FF6AA5207E9AD60031DB51 /* Build configuration list for PBXNativeTarget "Duellange" */ = {
			isa = XCConfigurationList;
			buildConfigurations = (
				77FF6AA6207E9AD60031DB51 /* Debug */,
				77FF6AA7207E9AD60031DB51 /* Release */,
			);
			defaultConfigurationIsVisible = 0;
			defaultConfigurationName = Release;
		};
/* End XCConfigurationList section */

/* Begin XCVersionGroup section */
		77FF6A9A207E9AD60031DB51 /* Duellange.xcdatamodeld */ = {
			isa = XCVersionGroup;
			children = (
				77FF6A9B207E9AD60031DB51 /* Duellange.xcdatamodel */,
			);
			currentVersion = 77FF6A9B207E9AD60031DB51 /* Duellange.xcdatamodel */;
			path = Duellange.xcdatamodeld;
			sourceTree = "<group>";
			versionGroupType = wrapper.xcdatamodel;
		};
/* End XCVersionGroup section */
	};
	rootObject = 77FF6A88207E9AD50031DB51 /* Project object */;
}
